
Microsoft Visual Studio Solution File, Format Version 12.00
# Visual Studio Version 17
VisualStudioVersion = 17.12.35527.113
MinimumVisualStudioVersion = 10.0.40219.1
Project("{FAE04EC0-301F-11D3-BF4B-00C04F79EFBC}") = "MyNotifier", "MyNotifier\MyNotifier.csproj", "{2000E4F8-B1B3-4739-8ABF-EF7B234CD5C8}"
EndProject
Project("{FAE04EC0-301F-11D3-BF4B-00C04F79EFBC}") = "MyNotifier.Contracts", "MyNotifier.Contracts\MyNotifier.Contracts.csproj", "{6537D5EC-7407-47CA-813A-FEA201252C15}"
EndProject
Project("{FAE04EC0-301F-11D3-BF4B-00C04F79EFBC}") = "MyNotifier.Test", "MyNotifier.Test\MyNotifier.Test.csproj", "{BC1F915C-5FA7-43D8-A93F-6AC724DB00B2}"
EndProject
Project("{FAE04EC0-301F-11D3-BF4B-00C04F79EFBC}") = "MyNotifier.Console", "MyNotifier.Console\MyNotifier.Console.csproj", "{B1AD4195-591E-4365-8CC2-5421B66FA262}"
EndProject
Global
	GlobalSection(SolutionConfigurationPlatforms) = preSolution
		Debug|Any CPU = Debug|Any CPU
		Release|Any CPU = Release|Any CPU
	EndGlobalSection
	GlobalSection(ProjectConfigurationPlatforms) = postSolution
		{2000E4F8-B1B3-4739-8ABF-EF7B234CD5C8}.Debug|Any CPU.ActiveCfg = Debug|Any CPU
		{2000E4F8-B1B3-4739-8ABF-EF7B234CD5C8}.Debug|Any CPU.Build.0 = Debug|Any CPU
		{2000E4F8-B1B3-4739-8ABF-EF7B234CD5C8}.Release|Any CPU.ActiveCfg = Release|Any CPU
		{2000E4F8-B1B3-4739-8ABF-EF7B234CD5C8}.Release|Any CPU.Build.0 = Release|Any CPU
		{6537D5EC-7407-47CA-813A-FEA201252C15}.Debug|Any CPU.ActiveCfg = Debug|Any CPU
		{6537D5EC-7407-47CA-813A-FEA201252C15}.Debug|Any CPU.Build.0 = Debug|Any CPU
		{6537D5EC-7407-47CA-813A-FEA201252C15}.Release|Any CPU.ActiveCfg = Release|Any CPU
		{6537D5EC-7407-47CA-813A-FEA201252C15}.Release|Any CPU.Build.0 = Release|Any CPU
		{BC1F915C-5FA7-43D8-A93F-6AC724DB00B2}.Debug|Any CPU.ActiveCfg = Debug|Any CPU
		{BC1F915C-5FA7-43D8-A93F-6AC724DB00B2}.Debug|Any CPU.Build.0 = Debug|Any CPU
		{BC1F915C-5FA7-43D8-A93F-6AC724DB00B2}.Release|Any CPU.ActiveCfg = Release|Any CPU
		{BC1F915C-5FA7-43D8-A93F-6AC724DB00B2}.Release|Any CPU.Build.0 = Release|Any CPU
		{B1AD4195-591E-4365-8CC2-5421B66FA262}.Debug|Any CPU.ActiveCfg = Debug|Any CPU
		{B1AD4195-591E-4365-8CC2-5421B66FA262}.Debug|Any CPU.Build.0 = Debug|Any CPU
		{B1AD4195-591E-4365-8CC2-5421B66FA262}.Release|Any CPU.ActiveCfg = Release|Any CPU
		{B1AD4195-591E-4365-8CC2-5421B66FA262}.Release|Any CPU.Build.0 = Release|Any CPU
	EndGlobalSection
	GlobalSection(SolutionProperties) = preSolution
		HideSolutionNode = FALSE
	EndGlobalSection
EndGlobal
